
Microsoft Visual Studio Solution File, Format Version 12.00
# Visual Studio Version 17
VisualStudioVersion = 17.3.32929.385
MinimumVisualStudioVersion = 10.0.40219.1
Project("{FAE04EC0-301F-11D3-BF4B-00C04F79EFBC}") = "MyProductsWebApi", "MyProductsWebApi\MyProductsWebApi.csproj", "{AB2D6962-310A-41B0-8125-2714158C945B}"
EndProject
Global
	GlobalSection(SolutionConfigurationPlatforms) = preSolution
		Debug|Any CPU = Debug|Any CPU
		Release|Any CPU = Release|Any CPU
	EndGlobalSection
	GlobalSection(ProjectConfigurationPlatforms) = postSolution
		{AB2D6962-310A-41B0-8125-2714158C945B}.Debug|Any CPU.ActiveCfg = Debug|Any CPU
		{AB2D6962-310A-41B0-8125-2714158C945B}.Debug|Any CPU.Build.0 = Debug|Any CPU
		{AB2D6962-310A-41B0-8125-2714158C945B}.Release|Any CPU.ActiveCfg = Release|Any CPU
		{AB2D6962-310A-41B0-8125-2714158C945B}.Release|Any CPU.Build.0 = Release|Any CPU
	EndGlobalSection
	GlobalSection(SolutionProperties) = preSolution
		HideSolutionNode = FALSE
	EndGlobalSection
	GlobalSection(ExtensibilityGlobals) = postSolution
		SolutionGuid = {379D9F3C-34C5-4253-8F29-32DB356DF860}
	EndGlobalSection
EndGlobal
